// !$*UTF8*$!
{
	archiveVersion = 1;
	classes = {
	};
	objectVersion = 46;
	objects = {

/* Begin PBXBuildFile section */
		073767061A10479D008DB405 /* AppDelegate.swift in Sources */ = {isa = PBXBuildFile; fileRef = 073767051A10479D008DB405 /* AppDelegate.swift */; };
		073767081A10479D008DB405 /* ViewController.swift in Sources */ = {isa = PBXBuildFile; fileRef = 073767071A10479D008DB405 /* ViewController.swift */; };
		0737670B1A10479D008DB405 /* Main.storyboard in Resources */ = {isa = PBXBuildFile; fileRef = 073767091A10479D008DB405 /* Main.storyboard */; };
		0737670D1A10479D008DB405 /* Images.xcassets in Resources */ = {isa = PBXBuildFile; fileRef = 0737670C1A10479D008DB405 /* Images.xcassets */; };
		073767101A10479D008DB405 /* LaunchScreen.xib in Resources */ = {isa = PBXBuildFile; fileRef = 0737670E1A10479D008DB405 /* LaunchScreen.xib */; };
		0737671C1A10479D008DB405 /* PostcardTests.swift in Sources */ = {isa = PBXBuildFile; fileRef = 0737671B1A10479D008DB405 /* PostcardTests.swift */; };
/* End PBXBuildFile section */

/* Begin PBXContainerItemProxy section */
		073767161A10479D008DB405 /* PBXContainerItemProxy */ = {
			isa = PBXContainerItemProxy;
			containerPortal = 073766F81A10479D008DB405 /* Project object */;
			proxyType = 1;
			remoteGlobalIDString = 073766FF1A10479D008DB405;
			remoteInfo = Postcard;
		};
/* End PBXContainerItemProxy section */

/* Begin PBXFileReference section */
		073767001A10479D008DB405 /* Postcard.app */ = {isa = PBXFileReference; explicitFileType = wrapper.application; includeInIndex = 0; path = Postcard.app; sourceTree = BUILT_PRODUCTS_DIR; };
		073767041A10479D008DB405 /* Info.plist */ = {isa = PBXFileReference; lastKnownFileType = text.plist.xml; path = Info.plist; sourceTree = "<group>"; };
		073767051A10479D008DB405 /* AppDelegate.swift */ = {isa = PBXFileReference; lastKnownFileType = sourcecode.swift; path = AppDelegate.swift; sourceTree = "<group>"; };
		073767071A10479D008DB405 /* ViewController.swift */ = {isa = PBXFileReference; lastKnownFileType = sourcecode.swift; path = ViewController.swift; sourceTree = "<group>"; };
		0737670A1A10479D008DB405 /* Base */ = {isa = PBXFileReference; lastKnownFileType = file.storyboard; name = Base; path = Base.lproj/Main.storyboard; sourceTree = "<group>"; };
		0737670C1A10479D008DB405 /* Images.xcassets */ = {isa = PBXFileReference; lastKnownFileType = folder.assetcatalog; path = Images.xcassets; sourceTree = "<group>"; };
		0737670F1A10479D008DB405 /* Base */ = {isa = PBXFileReference; lastKnownFileType = file.xib; name = Base; path = Base.lproj/LaunchScreen.xib; sourceTree = "<group>"; };
		073767151A10479D008DB405 /* PostcardTests.xctest */ = {isa = PBXFileReference; explicitFileType = wrapper.cfbundle; includeInIndex = 0; path = PostcardTests.xctest; sourceTree = BUILT_PRODUCTS_DIR; };
		0737671A1A10479D008DB405 /* Info.plist */ = {isa = PBXFileReference; lastKnownFileType = text.plist.xml; path = Info.plist; sourceTree = "<group>"; };
		0737671B1A10479D008DB405 /* PostcardTests.swift */ = {isa = PBXFileReference; lastKnownFileType = sourcecode.swift; path = PostcardTests.swift; sourceTree = "<group>"; };
/* End PBXFileReference section */

/* Begin PBXFrameworksBuildPhase section */
		073766FD1A10479D008DB405 /* Frameworks */ = {
			isa = PBXFrameworksBuildPhase;
			buildActionMask = 2147483647;
			files = (
			);
			runOnlyForDeploymentPostprocessing = 0;
		};
		073767121A10479D008DB405 /* Frameworks */ = {
			isa = PBXFrameworksBuildPhase;
			buildActionMask = 2147483647;
			files = (
			);
			runOnlyForDeploymentPostprocessing = 0;
		};
/* End PBXFrameworksBuildPhase section */

/* Begin PBXGroup section */
		073766F71A10479D008DB405 = {
			isa = PBXGroup;
			children = (
				073767021A10479D008DB405 /* Postcard */,
				073767181A10479D008DB405 /* PostcardTests */,
				073767011A10479D008DB405 /* Products */,
			);
			sourceTree = "<group>";
		};
		073767011A10479D008DB405 /* Products */ = {
			isa = PBXGroup;
			children = (
				073767001A10479D008DB405 /* Postcard.app */,
				073767151A10479D008DB405 /* PostcardTests.xctest */,
			);
			name = Products;
			sourceTree = "<group>";
		};
		073767021A10479D008DB405 /* Postcard */ = {
			isa = PBXGroup;
			children = (
				073767051A10479D008DB405 /* AppDelegate.swift */,
				073767071A10479D008DB405 /* ViewController.swift */,
				073767091A10479D008DB405 /* Main.storyboard */,
				0737670C1A10479D008DB405 /* Images.xcassets */,
				0737670E1A10479D008DB405 /* LaunchScreen.xib */,
				073767031A10479D008DB405 /* Supporting Files */,
			);
			path = Postcard;
			sourceTree = "<group>";
		};
		073767031A10479D008DB405 /* Supporting Files */ = {
			isa = PBXGroup;
			children = (
				073767041A10479D008DB405 /* Info.plist */,
			);
			name = "Supporting Files";
			sourceTree = "<group>";
		};
		073767181A10479D008DB405 /* PostcardTests */ = {
			isa = PBXGroup;
			children = (
				0737671B1A10479D008DB405 /* PostcardTests.swift */,
				073767191A10479D008DB405 /* Supporting Files */,
			);
			path = PostcardTests;
			sourceTree = "<group>";
		};
		073767191A10479D008DB405 /* Supporting Files */ = {
			isa = PBXGroup;
			children = (
				0737671A1A10479D008DB405 /* Info.plist */,
			);
			name = "Supporting Files";
			sourceTree = "<group>";
		};
/* End PBXGroup section */

/* Begin PBXNativeTarget section */
		073766FF1A10479D008DB405 /* Postcard */ = {
			isa = PBXNativeTarget;
			buildConfigurationList = 0737671F1A10479D008DB405 /* Build configuration list for PBXNativeTarget "Postcard" */;
			buildPhases = (
				073766FC1A10479D008DB405 /* Sources */,
				073766FD1A10479D008DB405 /* Frameworks */,
				073766FE1A10479D008DB405 /* Resources */,
			);
			buildRules = (
			);
			dependencies = (
			);
			name = Postcard;
			productName = Postcard;
			productReference = 073767001A10479D008DB405 /* Postcard.app */;
			productType = "com.apple.product-type.application";
		};
		073767141A10479D008DB405 /* PostcardTests */ = {
			isa = PBXNativeTarget;
			buildConfigurationList = 073767221A10479D008DB405 /* Build configuration list for PBXNativeTarget "PostcardTests" */;
			buildPhases = (
				073767111A10479D008DB405 /* Sources */,
				073767121A10479D008DB405 /* Frameworks */,
				073767131A10479D008DB405 /* Resources */,
			);
			buildRules = (
			);
			dependencies = (
				073767171A10479D008DB405 /* PBXTargetDependency */,
			);
			name = PostcardTests;
			productName = PostcardTests;
			productReference = 073767151A10479D008DB405 /* PostcardTests.xctest */;
			productType = "com.apple.product-type.bundle.unit-test";
		};
/* End PBXNativeTarget section */

/* Begin PBXProject section */
		073766F81A10479D008DB405 /* Project object */ = {
			isa = PBXProject;
			attributes = {
				LastUpgradeCheck = 0610;
				ORGANIZATIONNAME = "FormFire Develops";
				TargetAttributes = {
					073766FF1A10479D008DB405 = {
						CreatedOnToolsVersion = 6.1;
					};
					073767141A10479D008DB405 = {
						CreatedOnToolsVersion = 6.1;
						TestTargetID = 073766FF1A10479D008DB405;
					};
				};
			};
			buildConfigurationList = 073766FB1A10479D008DB405 /* Build configuration list for PBXProject "Postcard" */;
			compatibilityVersion = "Xcode 3.2";
			developmentRegion = English;
			hasScannedForEncodings = 0;
			knownRegions = (
				en,
				Base,
			);
			mainGroup = 073766F71A10479D008DB405;
			productRefGroup = 073767011A10479D008DB405 /* Products */;
			projectDirPath = "";
			projectRoot = "";
			targets = (
				073766FF1A10479D008DB405 /* Postcard */,
				073767141A10479D008DB405 /* PostcardTests */,
			);
		};
/* End PBXProject section */

/* Begin PBXResourcesBuildPhase section */
		073766FE1A10479D008DB405 /* Resources */ = {
			isa = PBXResourcesBuildPhase;
			buildActionMask = 2147483647;
			files = (
				0737670B1A10479D008DB405 /* Main.storyboard in Resources */,
				073767101A10479D008DB405 /* LaunchScreen.xib in Resources */,
				0737670D1A10479D008DB405 /* Images.xcassets in Resources */,
			);
			runOnlyForDeploymentPostprocessing = 0;
		};
		073767131A10479D008DB405 /* Resources */ = {
			isa = PBXResourcesBuildPhase;
			buildActionMask = 2147483647;
			files = (
			);
			runOnlyForDeploymentPostprocessing = 0;
		};
/* End PBXResourcesBuildPhase section */

/* Begin PBXSourcesBuildPhase section */
		073766FC1A10479D008DB405 /* Sources */ = {
			isa = PBXSourcesBuildPhase;
			buildActionMask = 2147483647;
			files = (
				073767081A10479D008DB405 /* ViewController.swift in Sources */,
				073767061A10479D008DB405 /* AppDelegate.swift in Sources */,
			);
			runOnlyForDeploymentPostprocessing = 0;
		};
		073767111A10479D008DB405 /* Sources */ = {
			isa = PBXSourcesBuildPhase;
			buildActionMask = 2147483647;
			files = (
				0737671C1A10479D008DB405 /* PostcardTests.swift in Sources */,
			);
			runOnlyForDeploymentPostprocessing = 0;
		};
/* End PBXSourcesBuildPhase section */

/* Begin PBXTargetDependency section */
		073767171A10479D008DB405 /* PBXTargetDependency */ = {
			isa = PBXTargetDependency;
			target = 073766FF1A10479D008DB405 /* Postcard */;
			targetProxy = 073767161A10479D008DB405 /* PBXContainerItemProxy */;
		};
/* End PBXTargetDependency section */

/* Begin PBXVariantGroup section */
		073767091A10479D008DB405 /* Main.storyboard */ = {
			isa = PBXVariantGroup;
			children = (
				0737670A1A10479D008DB405 /* Base */,
			);
			name = Main.storyboard;
			sourceTree = "<group>";
		};
		0737670E1A10479D008DB405 /* LaunchScreen.xib */ = {
			isa = PBXVariantGroup;
			children = (
				0737670F1A10479D008DB405 /* Base */,
			);
			name = LaunchScreen.xib;
			sourceTree = "<group>";
		};
/* End PBXVariantGroup section */

/* Begin XCBuildConfiguration section */
		0737671D1A10479D008DB405 /* Debug */ = {
			isa = XCBuildConfiguration;
			buildSettings = {
				ALWAYS_SEARCH_USER_PATHS = NO;
				CLANG_CXX_LANGUAGE_STANDARD = "gnu++0x";
				CLANG_CXX_LIBRARY = "libc++";
				CLANG_ENABLE_MODULES = YES;
				CLANG_ENABLE_OBJC_ARC = YES;
				CLANG_WARN_BOOL_CONVERSION = YES;
				CLANG_WARN_CONSTANT_CONVERSION = YES;
				CLANG_WARN_DIRECT_OBJC_ISA_USAGE = YES_ERROR;
				CLANG_WARN_EMPTY_BODY = YES;
				CLANG_WARN_ENUM_CONVERSION = YES;
				CLANG_WARN_INT_CONVERSION = YES;
				CLANG_WARN_OBJC_ROOT_CLASS = YES_ERROR;
				CLANG_WARN_UNREACHABLE_CODE = YES;
				CLANG_WARN__DUPLICATE_METHOD_MATCH = YES;
				"CODE_SIGN_IDENTITY[sdk=iphoneos*]" = "iPhone Developer";
				COPY_PHASE_STRIP = NO;
				ENABLE_STRICT_OBJC_MSGSEND = YES;
				GCC_C_LANGUAGE_STANDARD = gnu99;
				GCC_DYNAMIC_NO_PIC = NO;
				GCC_OPTIMIZATION_LEVEL = 0;
				GCC_PREPROCESSOR_DEFINITIONS = (
					"DEBUG=1",
					"$(inherited)",
				);
				GCC_SYMBOLS_PRIVATE_EXTERN = NO;
				GCC_WARN_64_TO_32_BIT_CONVERSION = YES;
				GCC_WARN_ABOUT_RETURN_TYPE = YES_ERROR;
				GCC_WARN_UNDECLARED_SELECTOR = YES;
				GCC_WARN_UNINITIALIZED_AUTOS = YES_AGGRESSIVE;
				GCC_WARN_UNUSED_FUNCTION = YES;
				GCC_WARN_UNUSED_VARIABLE = YES;
				IPHONEOS_DEPLOYMENT_TARGET = 8.1;
				MTL_ENABLE_DEBUG_INFO = YES;
				ONLY_ACTIVE_ARCH = YES;
				SDKROOT = iphoneos;
				SWIFT_OPTIMIZATION_LEVEL = "-Onone";
				TARGETED_DEVICE_FAMILY = "1,2";
			};
			name = Debug;
		};
		0737671E1A10479D008DB405 /* Release */ = {
			isa = XCBuildConfiguration;
			buildSettings = {
				ALWAYS_SEARCH_USER_PATHS = NO;
				CLANG_CXX_LANGUAGE_STANDARD = "gnu++0x";
				CLANG_CXX_LIBRARY = "libc++";
				CLANG_ENABLE_MODULES = YES;
				CLANG_ENABLE_OBJC_ARC = YES;
				CLANG_WARN_BOOL_CONVERSION = YES;
				CLANG_WARN_CONSTANT_CONVERSION = YES;
				CLANG_WARN_DIRECT_OBJC_ISA_USAGE = YES_ERROR;
				CLANG_WARN_EMPTY_BODY = YES;
				CLANG_WARN_ENUM_CONVERSION = YES;
				CLANG_WARN_INT_CONVERSION = YES;
				CLANG_WARN_OBJC_ROOT_CLASS = YES_ERROR;
				CLANG_WARN_UNREACHABLE_CODE = YES;
				CLANG_WARN__DUPLICATE_METHOD_MATCH = YES;
				"CODE_SIGN_IDENTITY[sdk=iphoneos*]" = "iPhone Developer";
				COPY_PHASE_STRIP = YES;
				ENABLE_NS_ASSERTIONS = NO;
				ENABLE_STRICT_OBJC_MSGSEND = YES;
				GCC_C_LANGUAGE_STANDARD = gnu99;
				GCC_WARN_64_TO_32_BIT_CONVERSION = YES;
				GCC_WARN_ABOUT_RETURN_TYPE = YES_ERROR;
				GCC_WARN_UNDECLARED_SELECTOR = YES;
				GCC_WARN_UNINITIALIZED_AUTOS = YES_AGGRESSIVE;
				GCC_WARN_UNUSED_FUNCTION = YES;
				GCC_WARN_UNUSED_VARIABLE = YES;
				IPHONEOS_DEPLOYMENT_TARGET = 8.1;
				MTL_ENABLE_DEBUG_INFO = NO;
				SDKROOT = iphoneos;
				TARGETED_DEVICE_FAMILY = "1,2";
				VALIDATE_PRODUCT = YES;
			};
			name = Release;
		};
		073767201A10479D008DB405 /* Debug */ = {
			isa = XCBuildConfiguration;
			buildSettings = {
				ASSETCATALOG_COMPILER_APPICON_NAME = AppIcon;
				INFOPLIST_FILE = Postcard/Info.plist;
				LD_RUNPATH_SEARCH_PATHS = "$(inherited) @executable_path/Frameworks";
				PRODUCT_NAME = "$(TARGET_NAME)";
			};
			name = Debug;
		};
		073767211A10479D008DB405 /* Release */ = {
			isa = XCBuildConfiguration;
			buildSettings = {
				ASSETCATALOG_COMPILER_APPICON_NAME = AppIcon;
				INFOPLIST_FILE = Postcard/Info.plist;
				LD_RUNPATH_SEARCH_PATHS = "$(inherited) @executable_path/Frameworks";
				PRODUCT_NAME = "$(TARGET_NAME)";
			};
			name = Release;
		};
		073767231A10479D008DB405 /* Debug */ = {
			isa = XCBuildConfiguration;
			buildSettings = {
				BUNDLE_LOADER = "$(TEST_HOST)";
				FRAMEWORK_SEARCH_PATHS = (
					"$(SDKROOT)/Developer/Library/Frameworks",
					"$(inherited)",
				);
				GCC_PREPROCESSOR_DEFINITIONS = (
					"DEBUG=1",
					"$(inherited)",
				);
				INFOPLIST_FILE = PostcardTests/Info.plist;
				LD_RUNPATH_SEARCH_PATHS = "$(inherited) @executable_path/Frameworks @loader_path/Frameworks";
				PRODUCT_NAME = "$(TARGET_NAME)";
				TEST_HOST = "$(BUILT_PRODUCTS_DIR)/Postcard.app/Postcard";
			};
			name = Debug;
		};
		073767241A10479D008DB405 /* Release */ = {
			isa = XCBuildConfiguration;
			buildSettings = {
				BUNDLE_LOADER = "$(TEST_HOST)";
				FRAMEWORK_SEARCH_PATHS = (
					"$(SDKROOT)/Developer/Library/Frameworks",
					"$(inherited)",
				);
				INFOPLIST_FILE = PostcardTests/Info.plist;
				LD_RUNPATH_SEARCH_PATHS = "$(inherited) @executable_path/Frameworks @loader_path/Frameworks";
				PRODUCT_NAME = "$(TARGET_NAME)";
				TEST_HOST = "$(BUILT_PRODUCTS_DIR)/Postcard.app/Postcard";
			};
			name = Release;
		};
/* End XCBuildConfiguration section */

/* Begin XCConfigurationList section */
		073766FB1A10479D008DB405 /* Build configuration list for PBXProject "Postcard" */ = {
			isa = XCConfigurationList;
			buildConfigurations = (
				0737671D1A10479D008DB405 /* Debug */,
				0737671E1A10479D008DB405 /* Release */,
			);
			defaultConfigurationIsVisible = 0;
			defaultConfigurationName = Release;
		};
		0737671F1A10479D008DB405 /* Build configuration list for PBXNativeTarget "Postcard" */ = {
			isa = XCConfigurationList;
			buildConfigurations = (
				073767201A10479D008DB405 /* Debug */,
				073767211A10479D008DB405 /* Release */,
			);
			defaultConfigurationIsVisible = 0;
		};
		073767221A10479D008DB405 /* Build configuration list for PBXNativeTarget "PostcardTests" */ = {
			isa = XCConfigurationList;
			buildConfigurations = (
				073767231A10479D008DB405 /* Debug */,
				073767241A10479D008DB405 /* Release */,
			);
			defaultConfigurationIsVisible = 0;
		};
/* End XCConfigurationList section */
	};
	rootObject = 073766F81A10479D008DB405 /* Project object */;
}
